// !$*UTF8*$!
{
	archiveVersion = 1;
	classes = {
	};
	objectVersion = 55;
	objects = {

/* Begin PBXBuildFile section */
		FC19D3B128F8C670004FA0B7 /* AppDelegate.swift in Sources */ = {isa = PBXBuildFile; fileRef = FC19D3B028F8C670004FA0B7 /* AppDelegate.swift */; };
		FC19D3B328F8C670004FA0B7 /* SceneDelegate.swift in Sources */ = {isa = PBXBuildFile; fileRef = FC19D3B228F8C670004FA0B7 /* SceneDelegate.swift */; };
		FC19D3B528F8C670004FA0B7 /* ViewController.swift in Sources */ = {isa = PBXBuildFile; fileRef = FC19D3B428F8C670004FA0B7 /* ViewController.swift */; };
		FC19D3B828F8C670004FA0B7 /* Main.storyboard in Resources */ = {isa = PBXBuildFile; fileRef = FC19D3B628F8C670004FA0B7 /* Main.storyboard */; };
		FC19D3BA28F8C674004FA0B7 /* Assets.xcassets in Resources */ = {isa = PBXBuildFile; fileRef = FC19D3B928F8C674004FA0B7 /* Assets.xcassets */; };
		FC19D3BD28F8C674004FA0B7 /* LaunchScreen.storyboard in Resources */ = {isa = PBXBuildFile; fileRef = FC19D3BB28F8C674004FA0B7 /* LaunchScreen.storyboard */; };
		FC19D3C828F8C674004FA0B7 /* OfficerTests.swift in Sources */ = {isa = PBXBuildFile; fileRef = FC19D3C728F8C674004FA0B7 /* OfficerTests.swift */; };
		FC19D3D228F8C674004FA0B7 /* OfficerUITests.swift in Sources */ = {isa = PBXBuildFile; fileRef = FC19D3D128F8C674004FA0B7 /* OfficerUITests.swift */; };
		FC19D3D428F8C674004FA0B7 /* OfficerUITestsLaunchTests.swift in Sources */ = {isa = PBXBuildFile; fileRef = FC19D3D328F8C674004FA0B7 /* OfficerUITestsLaunchTests.swift */; };
/* End PBXBuildFile section */

/* Begin PBXContainerItemProxy section */
		FC19D3C428F8C674004FA0B7 /* PBXContainerItemProxy */ = {
			isa = PBXContainerItemProxy;
			containerPortal = FC19D3A528F8C670004FA0B7 /* Project object */;
			proxyType = 1;
			remoteGlobalIDString = FC19D3AC28F8C670004FA0B7;
			remoteInfo = Officer;
		};
		FC19D3CE28F8C674004FA0B7 /* PBXContainerItemProxy */ = {
			isa = PBXContainerItemProxy;
			containerPortal = FC19D3A528F8C670004FA0B7 /* Project object */;
			proxyType = 1;
			remoteGlobalIDString = FC19D3AC28F8C670004FA0B7;
			remoteInfo = Officer;
		};
/* End PBXContainerItemProxy section */

/* Begin PBXFileReference section */
		FC19D3AD28F8C670004FA0B7 /* Officer.app */ = {isa = PBXFileReference; explicitFileType = wrapper.application; includeInIndex = 0; path = Officer.app; sourceTree = BUILT_PRODUCTS_DIR; };
		FC19D3B028F8C670004FA0B7 /* AppDelegate.swift */ = {isa = PBXFileReference; lastKnownFileType = sourcecode.swift; path = AppDelegate.swift; sourceTree = "<group>"; };
		FC19D3B228F8C670004FA0B7 /* SceneDelegate.swift */ = {isa = PBXFileReference; lastKnownFileType = sourcecode.swift; path = SceneDelegate.swift; sourceTree = "<group>"; };
		FC19D3B428F8C670004FA0B7 /* ViewController.swift */ = {isa = PBXFileReference; lastKnownFileType = sourcecode.swift; path = ViewController.swift; sourceTree = "<group>"; };
		FC19D3B728F8C670004FA0B7 /* Base */ = {isa = PBXFileReference; lastKnownFileType = file.storyboard; name = Base; path = Base.lproj/Main.storyboard; sourceTree = "<group>"; };
		FC19D3B928F8C674004FA0B7 /* Assets.xcassets */ = {isa = PBXFileReference; lastKnownFileType = folder.assetcatalog; path = Assets.xcassets; sourceTree = "<group>"; };
		FC19D3BC28F8C674004FA0B7 /* Base */ = {isa = PBXFileReference; lastKnownFileType = file.storyboard; name = Base; path = Base.lproj/LaunchScreen.storyboard; sourceTree = "<group>"; };
		FC19D3BE28F8C674004FA0B7 /* Info.plist */ = {isa = PBXFileReference; lastKnownFileType = text.plist.xml; path = Info.plist; sourceTree = "<group>"; };
		FC19D3C328F8C674004FA0B7 /* OfficerTests.xctest */ = {isa = PBXFileReference; explicitFileType = wrapper.cfbundle; includeInIndex = 0; path = OfficerTests.xctest; sourceTree = BUILT_PRODUCTS_DIR; };
		FC19D3C728F8C674004FA0B7 /* OfficerTests.swift */ = {isa = PBXFileReference; lastKnownFileType = sourcecode.swift; path = OfficerTests.swift; sourceTree = "<group>"; };
		FC19D3CD28F8C674004FA0B7 /* OfficerUITests.xctest */ = {isa = PBXFileReference; explicitFileType = wrapper.cfbundle; includeInIndex = 0; path = OfficerUITests.xctest; sourceTree = BUILT_PRODUCTS_DIR; };
		FC19D3D128F8C674004FA0B7 /* OfficerUITests.swift */ = {isa = PBXFileReference; lastKnownFileType = sourcecode.swift; path = OfficerUITests.swift; sourceTree = "<group>"; };
		FC19D3D328F8C674004FA0B7 /* OfficerUITestsLaunchTests.swift */ = {isa = PBXFileReference; lastKnownFileType = sourcecode.swift; path = OfficerUITestsLaunchTests.swift; sourceTree = "<group>"; };
/* End PBXFileReference section */

/* Begin PBXFrameworksBuildPhase section */
		FC19D3AA28F8C670004FA0B7 /* Frameworks */ = {
			isa = PBXFrameworksBuildPhase;
			buildActionMask = 2147483647;
			files = (
			);
			runOnlyForDeploymentPostprocessing = 0;
		};
		FC19D3C028F8C674004FA0B7 /* Frameworks */ = {
			isa = PBXFrameworksBuildPhase;
			buildActionMask = 2147483647;
			files = (
			);
			runOnlyForDeploymentPostprocessing = 0;
		};
		FC19D3CA28F8C674004FA0B7 /* Frameworks */ = {
			isa = PBXFrameworksBuildPhase;
			buildActionMask = 2147483647;
			files = (
			);
			runOnlyForDeploymentPostprocessing = 0;
		};
/* End PBXFrameworksBuildPhase section */

/* Begin PBXGroup section */
		FC19D3A428F8C670004FA0B7 = {
			isa = PBXGroup;
			children = (
				FC19D3AF28F8C670004FA0B7 /* Officer */,
				FC19D3C628F8C674004FA0B7 /* OfficerTests */,
				FC19D3D028F8C674004FA0B7 /* OfficerUITests */,
				FC19D3AE28F8C670004FA0B7 /* Products */,
			);
			sourceTree = "<group>";
		};
		FC19D3AE28F8C670004FA0B7 /* Products */ = {
			isa = PBXGroup;
			children = (
				FC19D3AD28F8C670004FA0B7 /* Officer.app */,
				FC19D3C328F8C674004FA0B7 /* OfficerTests.xctest */,
				FC19D3CD28F8C674004FA0B7 /* OfficerUITests.xctest */,
			);
			name = Products;
			sourceTree = "<group>";
		};
		FC19D3AF28F8C670004FA0B7 /* Officer */ = {
			isa = PBXGroup;
			children = (
				FC19D3B028F8C670004FA0B7 /* AppDelegate.swift */,
				FC19D3B228F8C670004FA0B7 /* SceneDelegate.swift */,
				FC19D3B428F8C670004FA0B7 /* ViewController.swift */,
				FC19D3B628F8C670004FA0B7 /* Main.storyboard */,
				FC19D3B928F8C674004FA0B7 /* Assets.xcassets */,
				FC19D3BB28F8C674004FA0B7 /* LaunchScreen.storyboard */,
				FC19D3BE28F8C674004FA0B7 /* Info.plist */,
			);
			path = Officer;
			sourceTree = "<group>";
		};
		FC19D3C628F8C674004FA0B7 /* OfficerTests */ = {
			isa = PBXGroup;
			children = (
				FC19D3C728F8C674004FA0B7 /* OfficerTests.swift */,
			);
			path = OfficerTests;
			sourceTree = "<group>";
		};
		FC19D3D028F8C674004FA0B7 /* OfficerUITests */ = {
			isa = PBXGroup;
			children = (
				FC19D3D128F8C674004FA0B7 /* OfficerUITests.swift */,
				FC19D3D328F8C674004FA0B7 /* OfficerUITestsLaunchTests.swift */,
			);
			path = OfficerUITests;
			sourceTree = "<group>";
		};
/* End PBXGroup section */

/* Begin PBXNativeTarget section */
		FC19D3AC28F8C670004FA0B7 /* Officer */ = {
			isa = PBXNativeTarget;
			buildConfigurationList = FC19D3D728F8C674004FA0B7 /* Build configuration list for PBXNativeTarget "Officer" */;
			buildPhases = (
				FC19D3A928F8C670004FA0B7 /* Sources */,
				FC19D3AA28F8C670004FA0B7 /* Frameworks */,
				FC19D3AB28F8C670004FA0B7 /* Resources */,
			);
			buildRules = (
			);
			dependencies = (
			);
			name = Officer;
			productName = Officer;
			productReference = FC19D3AD28F8C670004FA0B7 /* Officer.app */;
			productType = "com.apple.product-type.application";
		};
		FC19D3C228F8C674004FA0B7 /* OfficerTests */ = {
			isa = PBXNativeTarget;
			buildConfigurationList = FC19D3DA28F8C674004FA0B7 /* Build configuration list for PBXNativeTarget "OfficerTests" */;
			buildPhases = (
				FC19D3BF28F8C674004FA0B7 /* Sources */,
				FC19D3C028F8C674004FA0B7 /* Frameworks */,
				FC19D3C128F8C674004FA0B7 /* Resources */,
			);
			buildRules = (
			);
			dependencies = (
				FC19D3C528F8C674004FA0B7 /* PBXTargetDependency */,
			);
			name = OfficerTests;
			productName = OfficerTests;
			productReference = FC19D3C328F8C674004FA0B7 /* OfficerTests.xctest */;
			productType = "com.apple.product-type.bundle.unit-test";
		};
		FC19D3CC28F8C674004FA0B7 /* OfficerUITests */ = {
			isa = PBXNativeTarget;
			buildConfigurationList = FC19D3DD28F8C674004FA0B7 /* Build configuration list for PBXNativeTarget "OfficerUITests" */;
			buildPhases = (
				FC19D3C928F8C674004FA0B7 /* Sources */,
				FC19D3CA28F8C674004FA0B7 /* Frameworks */,
				FC19D3CB28F8C674004FA0B7 /* Resources */,
			);
			buildRules = (
			);
			dependencies = (
				FC19D3CF28F8C674004FA0B7 /* PBXTargetDependency */,
			);
			name = OfficerUITests;
			productName = OfficerUITests;
			productReference = FC19D3CD28F8C674004FA0B7 /* OfficerUITests.xctest */;
			productType = "com.apple.product-type.bundle.ui-testing";
		};
/* End PBXNativeTarget section */

/* Begin PBXProject section */
		FC19D3A528F8C670004FA0B7 /* Project object */ = {
			isa = PBXProject;
			attributes = {
				BuildIndependentTargetsInParallel = 1;
				LastSwiftUpdateCheck = 1340;
				LastUpgradeCheck = 1340;
				TargetAttributes = {
					FC19D3AC28F8C670004FA0B7 = {
						CreatedOnToolsVersion = 13.4.1;
					};
					FC19D3C228F8C674004FA0B7 = {
						CreatedOnToolsVersion = 13.4.1;
						TestTargetID = FC19D3AC28F8C670004FA0B7;
					};
					FC19D3CC28F8C674004FA0B7 = {
						CreatedOnToolsVersion = 13.4.1;
						TestTargetID = FC19D3AC28F8C670004FA0B7;
					};
				};
			};
			buildConfigurationList = FC19D3A828F8C670004FA0B7 /* Build configuration list for PBXProject "Officer" */;
			compatibilityVersion = "Xcode 13.0";
			developmentRegion = en;
			hasScannedForEncodings = 0;
			knownRegions = (
				en,
				Base,
			);
			mainGroup = FC19D3A428F8C670004FA0B7;
			productRefGroup = FC19D3AE28F8C670004FA0B7 /* Products */;
			projectDirPath = "";
			projectRoot = "";
			targets = (
				FC19D3AC28F8C670004FA0B7 /* Officer */,
				FC19D3C228F8C674004FA0B7 /* OfficerTests */,
				FC19D3CC28F8C674004FA0B7 /* OfficerUITests */,
			);
		};
/* End PBXProject section */

/* Begin PBXResourcesBuildPhase section */
		FC19D3AB28F8C670004FA0B7 /* Resources */ = {
			isa = PBXResourcesBuildPhase;
			buildActionMask = 2147483647;
			files = (
				FC19D3BD28F8C674004FA0B7 /* LaunchScreen.storyboard in Resources */,
				FC19D3BA28F8C674004FA0B7 /* Assets.xcassets in Resources */,
				FC19D3B828F8C670004FA0B7 /* Main.storyboard in Resources */,
			);
			runOnlyForDeploymentPostprocessing = 0;
		};
		FC19D3C128F8C674004FA0B7 /* Resources */ = {
			isa = PBXResourcesBuildPhase;
			buildActionMask = 2147483647;
			files = (
			);
			runOnlyForDeploymentPostprocessing = 0;
		};
		FC19D3CB28F8C674004FA0B7 /* Resources */ = {
			isa = PBXResourcesBuildPhase;
			buildActionMask = 2147483647;
			files = (
			);
			runOnlyForDeploymentPostprocessing = 0;
		};
/* End PBXResourcesBuildPhase section */

/* Begin PBXSourcesBuildPhase section */
		FC19D3A928F8C670004FA0B7 /* Sources */ = {
			isa = PBXSourcesBuildPhase;
			buildActionMask = 2147483647;
			files = (
				FC19D3B528F8C670004FA0B7 /* ViewController.swift in Sources */,
				FC19D3B128F8C670004FA0B7 /* AppDelegate.swift in Sources */,
				FC19D3B328F8C670004FA0B7 /* SceneDelegate.swift in Sources */,
			);
			runOnlyForDeploymentPostprocessing = 0;
		};
		FC19D3BF28F8C674004FA0B7 /* Sources */ = {
			isa = PBXSourcesBuildPhase;
			buildActionMask = 2147483647;
			files = (
				FC19D3C828F8C674004FA0B7 /* OfficerTests.swift in Sources */,
			);
			runOnlyForDeploymentPostprocessing = 0;
		};
		FC19D3C928F8C674004FA0B7 /* Sources */ = {
			isa = PBXSourcesBuildPhase;
			buildActionMask = 2147483647;
			files = (
				FC19D3D228F8C674004FA0B7 /* OfficerUITests.swift in Sources */,
				FC19D3D428F8C674004FA0B7 /* OfficerUITestsLaunchTests.swift in Sources */,
			);
			runOnlyForDeploymentPostprocessing = 0;
		};
/* End PBXSourcesBuildPhase section */

/* Begin PBXTargetDependency section */
		FC19D3C528F8C674004FA0B7 /* PBXTargetDependency */ = {
			isa = PBXTargetDependency;
			target = FC19D3AC28F8C670004FA0B7 /* Officer */;
			targetProxy = FC19D3C428F8C674004FA0B7 /* PBXContainerItemProxy */;
		};
		FC19D3CF28F8C674004FA0B7 /* PBXTargetDependency */ = {
			isa = PBXTargetDependency;
			target = FC19D3AC28F8C670004FA0B7 /* Officer */;
			targetProxy = FC19D3CE28F8C674004FA0B7 /* PBXContainerItemProxy */;
		};
/* End PBXTargetDependency section */

/* Begin PBXVariantGroup section */
		FC19D3B628F8C670004FA0B7 /* Main.storyboard */ = {
			isa = PBXVariantGroup;
			children = (
				FC19D3B728F8C670004FA0B7 /* Base */,
			);
			name = Main.storyboard;
			sourceTree = "<group>";
		};
		FC19D3BB28F8C674004FA0B7 /* LaunchScreen.storyboard */ = {
			isa = PBXVariantGroup;
			children = (
				FC19D3BC28F8C674004FA0B7 /* Base */,
			);
			name = LaunchScreen.storyboard;
			sourceTree = "<group>";
		};
/* End PBXVariantGroup section */

/* Begin XCBuildConfiguration section */
		FC19D3D528F8C674004FA0B7 /* Debug */ = {
			isa = XCBuildConfiguration;
			buildSettings = {
				ALWAYS_SEARCH_USER_PATHS = NO;
				CLANG_ANALYZER_NONNULL = YES;
				CLANG_ANALYZER_NUMBER_OBJECT_CONVERSION = YES_AGGRESSIVE;
				CLANG_CXX_LANGUAGE_STANDARD = "gnu++17";
				CLANG_ENABLE_MODULES = YES;
				CLANG_ENABLE_OBJC_ARC = YES;
				CLANG_ENABLE_OBJC_WEAK = YES;
				CLANG_WARN_BLOCK_CAPTURE_AUTORELEASING = YES;
				CLANG_WARN_BOOL_CONVERSION = YES;
				CLANG_WARN_COMMA = YES;
				CLANG_WARN_CONSTANT_CONVERSION = YES;
				CLANG_WARN_DEPRECATED_OBJC_IMPLEMENTATIONS = YES;
				CLANG_WARN_DIRECT_OBJC_ISA_USAGE = YES_ERROR;
				CLANG_WARN_DOCUMENTATION_COMMENTS = YES;
				CLANG_WARN_EMPTY_BODY = YES;
				CLANG_WARN_ENUM_CONVERSION = YES;
				CLANG_WARN_INFINITE_RECURSION = YES;
				CLANG_WARN_INT_CONVERSION = YES;
				CLANG_WARN_NON_LITERAL_NULL_CONVERSION = YES;
				CLANG_WARN_OBJC_IMPLICIT_RETAIN_SELF = YES;
				CLANG_WARN_OBJC_LITERAL_CONVERSION = YES;
				CLANG_WARN_OBJC_ROOT_CLASS = YES_ERROR;
				CLANG_WARN_QUOTED_INCLUDE_IN_FRAMEWORK_HEADER = YES;
				CLANG_WARN_RANGE_LOOP_ANALYSIS = YES;
				CLANG_WARN_STRICT_PROTOTYPES = YES;
				CLANG_WARN_SUSPICIOUS_MOVE = YES;
				CLANG_WARN_UNGUARDED_AVAILABILITY = YES_AGGRESSIVE;
				CLANG_WARN_UNREACHABLE_CODE = YES;
				CLANG_WARN__DUPLICATE_METHOD_MATCH = YES;
				COPY_PHASE_STRIP = NO;
				DEBUG_INFORMATION_FORMAT = dwarf;
				ENABLE_STRICT_OBJC_MSGSEND = YES;
				ENABLE_TESTABILITY = YES;
				GCC_C_LANGUAGE_STANDARD = gnu11;
				GCC_DYNAMIC_NO_PIC = NO;
				GCC_NO_COMMON_BLOCKS = YES;
				GCC_OPTIMIZATION_LEVEL = 0;
				GCC_PREPROCESSOR_DEFINITIONS = (
					"DEBUG=1",
					"$(inherited)",
				);
				GCC_WARN_64_TO_32_BIT_CONVERSION = YES;
				GCC_WARN_ABOUT_RETURN_TYPE = YES_ERROR;
				GCC_WARN_UNDECLARED_SELECTOR = YES;
				GCC_WARN_UNINITIALIZED_AUTOS = YES_AGGRESSIVE;
				GCC_WARN_UNUSED_FUNCTION = YES;
				GCC_WARN_UNUSED_VARIABLE = YES;
				IPHONEOS_DEPLOYMENT_TARGET = 15.5;
				MTL_ENABLE_DEBUG_INFO = INCLUDE_SOURCE;
				MTL_FAST_MATH = YES;
				ONLY_ACTIVE_ARCH = YES;
				SDKROOT = iphoneos;
				SWIFT_ACTIVE_COMPILATION_CONDITIONS = DEBUG;
				SWIFT_OPTIMIZATION_LEVEL = "-Onone";
			};
			name = Debug;
		};
		FC19D3D628F8C674004FA0B7 /* Release */ = {
			isa = XCBuildConfiguration;
			buildSettings = {
				ALWAYS_SEARCH_USER_PATHS = NO;
				CLANG_ANALYZER_NONNULL = YES;
				CLANG_ANALYZER_NUMBER_OBJECT_CONVERSION = YES_AGGRESSIVE;
				CLANG_CXX_LANGUAGE_STANDARD = "gnu++17";
				CLANG_ENABLE_MODULES = YES;
				CLANG_ENABLE_OBJC_ARC = YES;
				CLANG_ENABLE_OBJC_WEAK = YES;
				CLANG_WARN_BLOCK_CAPTURE_AUTORELEASING = YES;
				CLANG_WARN_BOOL_CONVERSION = YES;
				CLANG_WARN_COMMA = YES;
				CLANG_WARN_CONSTANT_CONVERSION = YES;
				CLANG_WARN_DEPRECATED_OBJC_IMPLEMENTATIONS = YES;
				CLANG_WARN_DIRECT_OBJC_ISA_USAGE = YES_ERROR;
				CLANG_WARN_DOCUMENTATION_COMMENTS = YES;
				CLANG_WARN_EMPTY_BODY = YES;
				CLANG_WARN_ENUM_CONVERSION = YES;
				CLANG_WARN_INFINITE_RECURSION = YES;
				CLANG_WARN_INT_CONVERSION = YES;
				CLANG_WARN_NON_LITERAL_NULL_CONVERSION = YES;
				CLANG_WARN_OBJC_IMPLICIT_RETAIN_SELF = YES;
				CLANG_WARN_OBJC_LITERAL_CONVERSION = YES;
				CLANG_WARN_OBJC_ROOT_CLASS = YES_ERROR;
				CLANG_WARN_QUOTED_INCLUDE_IN_FRAMEWORK_HEADER = YES;
				CLANG_WARN_RANGE_LOOP_ANALYSIS = YES;
				CLANG_WARN_STRICT_PROTOTYPES = YES;
				CLANG_WARN_SUSPICIOUS_MOVE = YES;
				CLANG_WARN_UNGUARDED_AVAILABILITY = YES_AGGRESSIVE;
				CLANG_WARN_UNREACHABLE_CODE = YES;
				CLANG_WARN__DUPLICATE_METHOD_MATCH = YES;
				COPY_PHASE_STRIP = NO;
				DEBUG_INFORMATION_FORMAT = "dwarf-with-dsym";
				ENABLE_NS_ASSERTIONS = NO;
				ENABLE_STRICT_OBJC_MSGSEND = YES;
				GCC_C_LANGUAGE_STANDARD = gnu11;
				GCC_NO_COMMON_BLOCKS = YES;
				GCC_WARN_64_TO_32_BIT_CONVERSION = YES;
				GCC_WARN_ABOUT_RETURN_TYPE = YES_ERROR;
				GCC_WARN_UNDECLARED_SELECTOR = YES;
				GCC_WARN_UNINITIALIZED_AUTOS = YES_AGGRESSIVE;
				GCC_WARN_UNUSED_FUNCTION = YES;
				GCC_WARN_UNUSED_VARIABLE = YES;
				IPHONEOS_DEPLOYMENT_TARGET = 15.5;
				MTL_ENABLE_DEBUG_INFO = NO;
				MTL_FAST_MATH = YES;
				SDKROOT = iphoneos;
				SWIFT_COMPILATION_MODE = wholemodule;
				SWIFT_OPTIMIZATION_LEVEL = "-O";
				VALIDATE_PRODUCT = YES;
			};
			name = Release;
		};
		FC19D3D828F8C674004FA0B7 /* Debug */ = {
			isa = XCBuildConfiguration;
			buildSettings = {
				ASSETCATALOG_COMPILER_APPICON_NAME = AppIcon;
				ASSETCATALOG_COMPILER_GLOBAL_ACCENT_COLOR_NAME = AccentColor;
				CODE_SIGN_STYLE = Automatic;
				CURRENT_PROJECT_VERSION = 1;
				DEVELOPMENT_TEAM = RE9892F24F;
				GENERATE_INFOPLIST_FILE = YES;
				INFOPLIST_FILE = Officer/Info.plist;
				INFOPLIST_KEY_UIApplicationSupportsIndirectInputEvents = YES;
				INFOPLIST_KEY_UILaunchStoryboardName = LaunchScreen;
				INFOPLIST_KEY_UIMainStoryboardFile = Main;
				INFOPLIST_KEY_UISupportedInterfaceOrientations_iPad = "UIInterfaceOrientationPortrait UIInterfaceOrientationPortraitUpsideDown UIInterfaceOrientationLandscapeLeft UIInterfaceOrientationLandscapeRight";
				INFOPLIST_KEY_UISupportedInterfaceOrientations_iPhone = "UIInterfaceOrientationPortrait UIInterfaceOrientationLandscapeLeft UIInterfaceOrientationLandscapeRight";
				LD_RUNPATH_SEARCH_PATHS = (
					"$(inherited)",
					"@executable_path/Frameworks",
				);
				MARKETING_VERSION = 1.0;
				PRODUCT_BUNDLE_IDENTIFIER = com.sametbakmaz.officer.Officer;
				PRODUCT_NAME = "$(TARGET_NAME)";
				SWIFT_EMIT_LOC_STRINGS = YES;
				SWIFT_VERSION = 5.0;
				TARGETED_DEVICE_FAMILY = "1,2";
			};
			name = Debug;
		};
		FC19D3D928F8C674004FA0B7 /* Release */ = {
			isa = XCBuildConfiguration;
			buildSettings = {
				ASSETCATALOG_COMPILER_APPICON_NAME = AppIcon;
				ASSETCATALOG_COMPILER_GLOBAL_ACCENT_COLOR_NAME = AccentColor;
				CODE_SIGN_STYLE = Automatic;
				CURRENT_PROJECT_VERSION = 1;
				DEVELOPMENT_TEAM = RE9892F24F;
				GENERATE_INFOPLIST_FILE = YES;
				INFOPLIST_FILE = Officer/Info.plist;
				INFOPLIST_KEY_UIApplicationSupportsIndirectInputEvents = YES;
				INFOPLIST_KEY_UILaunchStoryboardName = LaunchScreen;
				INFOPLIST_KEY_UIMainStoryboardFile = Main;
				INFOPLIST_KEY_UISupportedInterfaceOrientations_iPad = "UIInterfaceOrientationPortrait UIInterfaceOrientationPortraitUpsideDown UIInterfaceOrientationLandscapeLeft UIInterfaceOrientationLandscapeRight";
				INFOPLIST_KEY_UISupportedInterfaceOrientations_iPhone = "UIInterfaceOrientationPortrait UIInterfaceOrientationLandscapeLeft UIInterfaceOrientationLandscapeRight";
				LD_RUNPATH_SEARCH_PATHS = (
					"$(inherited)",
					"@executable_path/Frameworks",
				);
				MARKETING_VERSION = 1.0;
				PRODUCT_BUNDLE_IDENTIFIER = com.sametbakmaz.officer.Officer;
				PRODUCT_NAME = "$(TARGET_NAME)";
				SWIFT_EMIT_LOC_STRINGS = YES;
				SWIFT_VERSION = 5.0;
				TARGETED_DEVICE_FAMILY = "1,2";
			};
			name = Release;
		};
		FC19D3DB28F8C674004FA0B7 /* Debug */ = {
			isa = XCBuildConfiguration;
			buildSettings = {
				ALWAYS_EMBED_SWIFT_STANDARD_LIBRARIES = YES;
				BUNDLE_LOADER = "$(TEST_HOST)";
				CODE_SIGN_STYLE = Automatic;
				CURRENT_PROJECT_VERSION = 1;
				DEVELOPMENT_TEAM = RE9892F24F;
				GENERATE_INFOPLIST_FILE = YES;
				IPHONEOS_DEPLOYMENT_TARGET = 15.5;
				MARKETING_VERSION = 1.0;
				PRODUCT_BUNDLE_IDENTIFIER = com.sametbakmaz.officer.OfficerTests;
				PRODUCT_NAME = "$(TARGET_NAME)";
				SWIFT_EMIT_LOC_STRINGS = NO;
				SWIFT_VERSION = 5.0;
				TARGETED_DEVICE_FAMILY = "1,2";
				TEST_HOST = "$(BUILT_PRODUCTS_DIR)/Officer.app/Officer";
			};
			name = Debug;
		};
		FC19D3DC28F8C674004FA0B7 /* Release */ = {
			isa = XCBuildConfiguration;
			buildSettings = {
				ALWAYS_EMBED_SWIFT_STANDARD_LIBRARIES = YES;
				BUNDLE_LOADER = "$(TEST_HOST)";
				CODE_SIGN_STYLE = Automatic;
				CURRENT_PROJECT_VERSION = 1;
				DEVELOPMENT_TEAM = RE9892F24F;
				GENERATE_INFOPLIST_FILE = YES;
				IPHONEOS_DEPLOYMENT_TARGET = 15.5;
				MARKETING_VERSION = 1.0;
				PRODUCT_BUNDLE_IDENTIFIER = com.sametbakmaz.officer.OfficerTests;
				PRODUCT_NAME = "$(TARGET_NAME)";
				SWIFT_EMIT_LOC_STRINGS = NO;
				SWIFT_VERSION = 5.0;
				TARGETED_DEVICE_FAMILY = "1,2";
				TEST_HOST = "$(BUILT_PRODUCTS_DIR)/Officer.app/Officer";
			};
			name = Release;
		};
		FC19D3DE28F8C674004FA0B7 /* Debug */ = {
			isa = XCBuildConfiguration;
			buildSettings = {
				ALWAYS_EMBED_SWIFT_STANDARD_LIBRARIES = YES;
				CODE_SIGN_STYLE = Automatic;
				CURRENT_PROJECT_VERSION = 1;
				DEVELOPMENT_TEAM = RE9892F24F;
				GENERATE_INFOPLIST_FILE = YES;
				MARKETING_VERSION = 1.0;
				PRODUCT_BUNDLE_IDENTIFIER = com.sametbakmaz.officer.OfficerUITests;
				PRODUCT_NAME = "$(TARGET_NAME)";
				SWIFT_EMIT_LOC_STRINGS = NO;
				SWIFT_VERSION = 5.0;
				TARGETED_DEVICE_FAMILY = "1,2";
				TEST_TARGET_NAME = Officer;
			};
			name = Debug;
		};
		FC19D3DF28F8C674004FA0B7 /* Release */ = {
			isa = XCBuildConfiguration;
			buildSettings = {
				ALWAYS_EMBED_SWIFT_STANDARD_LIBRARIES = YES;
				CODE_SIGN_STYLE = Automatic;
				CURRENT_PROJECT_VERSION = 1;
				DEVELOPMENT_TEAM = RE9892F24F;
				GENERATE_INFOPLIST_FILE = YES;
				MARKETING_VERSION = 1.0;
				PRODUCT_BUNDLE_IDENTIFIER = com.sametbakmaz.officer.OfficerUITests;
				PRODUCT_NAME = "$(TARGET_NAME)";
				SWIFT_EMIT_LOC_STRINGS = NO;
				SWIFT_VERSION = 5.0;
				TARGETED_DEVICE_FAMILY = "1,2";
				TEST_TARGET_NAME = Officer;
			};
			name = Release;
		};
/* End XCBuildConfiguration section */

/* Begin XCConfigurationList section */
		FC19D3A828F8C670004FA0B7 /* Build configuration list for PBXProject "Officer" */ = {
			isa = XCConfigurationList;
			buildConfigurations = (
				FC19D3D528F8C674004FA0B7 /* Debug */,
				FC19D3D628F8C674004FA0B7 /* Release */,
			);
			defaultConfigurationIsVisible = 0;
			defaultConfigurationName = Release;
		};
		FC19D3D728F8C674004FA0B7 /* Build configuration list for PBXNativeTarget "Officer" */ = {
			isa = XCConfigurationList;
			buildConfigurations = (
				FC19D3D828F8C674004FA0B7 /* Debug */,
				FC19D3D928F8C674004FA0B7 /* Release */,
			);
			defaultConfigurationIsVisible = 0;
			defaultConfigurationName = Release;
		};
		FC19D3DA28F8C674004FA0B7 /* Build configuration list for PBXNativeTarget "OfficerTests" */ = {
			isa = XCConfigurationList;
			buildConfigurations = (
				FC19D3DB28F8C674004FA0B7 /* Debug */,
				FC19D3DC28F8C674004FA0B7 /* Release */,
			);
			defaultConfigurationIsVisible = 0;
			defaultConfigurationName = Release;
		};
		FC19D3DD28F8C674004FA0B7 /* Build configuration list for PBXNativeTarget "OfficerUITests" */ = {
			isa = XCConfigurationList;
			buildConfigurations = (
				FC19D3DE28F8C674004FA0B7 /* Debug */,
				FC19D3DF28F8C674004FA0B7 /* Release */,
			);
			defaultConfigurationIsVisible = 0;
			defaultConfigurationName = Release;
		};
/* End XCConfigurationList section */
	};
	rootObject = FC19D3A528F8C670004FA0B7 /* Project object */;
}
